
Microsoft Visual Studio Solution File, Format Version 12.00
# Visual Studio Version 17
VisualStudioVersion = 17.8.34525.116
MinimumVisualStudioVersion = 10.0.40219.1
Project("{FAE04EC0-301F-11D3-BF4B-00C04F79EFBC}") = "Week4Loops", "Week4Loops\Week4Loops.csproj", "{FCBAC2FC-D9F3-421D-8C0E-F63EA3CC7823}"
EndProject
Project("{FAE04EC0-301F-11D3-BF4B-00C04F79EFBC}") = "ForLoopSum", "ForLoopSum\ForLoopSum.csproj", "{99E3B373-873B-4F6B-BE65-040D2FA3262E}"
EndProject
Project("{FAE04EC0-301F-11D3-BF4B-00C04F79EFBC}") = "RandomNumber", "RandomNumber\RandomNumber.csproj", "{227402B4-A223-441C-A97D-6DC7DE235EC5}"
EndProject
Project("{FAE04EC0-301F-11D3-BF4B-00C04F79EFBC}") = "WhileLoops", "WhileLoops\WhileLoops.csproj", "{8DE02785-67E5-48D7-BB78-82BD82284D13}"
EndProject
Global
	GlobalSection(SolutionConfigurationPlatforms) = preSolution
		Debug|Any CPU = Debug|Any CPU
		Release|Any CPU = Release|Any CPU
	EndGlobalSection
	GlobalSection(ProjectConfigurationPlatforms) = postSolution
		{FCBAC2FC-D9F3-421D-8C0E-F63EA3CC7823}.Debug|Any CPU.ActiveCfg = Debug|Any CPU
		{FCBAC2FC-D9F3-421D-8C0E-F63EA3CC7823}.Debug|Any CPU.Build.0 = Debug|Any CPU
		{FCBAC2FC-D9F3-421D-8C0E-F63EA3CC7823}.Release|Any CPU.ActiveCfg = Release|Any CPU
		{FCBAC2FC-D9F3-421D-8C0E-F63EA3CC7823}.Release|Any CPU.Build.0 = Release|Any CPU
		{99E3B373-873B-4F6B-BE65-040D2FA3262E}.Debug|Any CPU.ActiveCfg = Debug|Any CPU
		{99E3B373-873B-4F6B-BE65-040D2FA3262E}.Debug|Any CPU.Build.0 = Debug|Any CPU
		{99E3B373-873B-4F6B-BE65-040D2FA3262E}.Release|Any CPU.ActiveCfg = Release|Any CPU
		{99E3B373-873B-4F6B-BE65-040D2FA3262E}.Release|Any CPU.Build.0 = Release|Any CPU
		{227402B4-A223-441C-A97D-6DC7DE235EC5}.Debug|Any CPU.ActiveCfg = Debug|Any CPU
		{227402B4-A223-441C-A97D-6DC7DE235EC5}.Debug|Any CPU.Build.0 = Debug|Any CPU
		{227402B4-A223-441C-A97D-6DC7DE235EC5}.Release|Any CPU.ActiveCfg = Release|Any CPU
		{227402B4-A223-441C-A97D-6DC7DE235EC5}.Release|Any CPU.Build.0 = Release|Any CPU
		{8DE02785-67E5-48D7-BB78-82BD82284D13}.Debug|Any CPU.ActiveCfg = Debug|Any CPU
		{8DE02785-67E5-48D7-BB78-82BD82284D13}.Debug|Any CPU.Build.0 = Debug|Any CPU
		{8DE02785-67E5-48D7-BB78-82BD82284D13}.Release|Any CPU.ActiveCfg = Release|Any CPU
		{8DE02785-67E5-48D7-BB78-82BD82284D13}.Release|Any CPU.Build.0 = Release|Any CPU
	EndGlobalSection
	GlobalSection(SolutionProperties) = preSolution
		HideSolutionNode = FALSE
	EndGlobalSection
	GlobalSection(ExtensibilityGlobals) = postSolution
		SolutionGuid = {22D065A7-1E31-4926-89F9-C657177B7A24}
	EndGlobalSection
EndGlobal
